
Microsoft Visual Studio Solution File, Format Version 12.00
# Visual Studio Version 17
VisualStudioVersion = 17.14.36429.23 d17.14
MinimumVisualStudioVersion = 10.0.40219.1
Project("{FAE04EC0-301F-11D3-BF4B-00C04F79EFBC}") = "WhileExample", "WhileExample\WhileExample.csproj", "{9E89A330-B525-4336-97BB-25DB283F5EEE}"
EndProject
Global
	GlobalSection(SolutionConfigurationPlatforms) = preSolution
		Debug|Any CPU = Debug|Any CPU
		Release|Any CPU = Release|Any CPU
	EndGlobalSection
	GlobalSection(ProjectConfigurationPlatforms) = postSolution
		{9E89A330-B525-4336-97BB-25DB283F5EEE}.Debug|Any CPU.ActiveCfg = Debug|Any CPU
		{9E89A330-B525-4336-97BB-25DB283F5EEE}.Debug|Any CPU.Build.0 = Debug|Any CPU
		{9E89A330-B525-4336-97BB-25DB283F5EEE}.Release|Any CPU.ActiveCfg = Release|Any CPU
		{9E89A330-B525-4336-97BB-25DB283F5EEE}.Release|Any CPU.Build.0 = Release|Any CPU
	EndGlobalSection
	GlobalSection(SolutionProperties) = preSolution
		HideSolutionNode = FALSE
	EndGlobalSection
	GlobalSection(ExtensibilityGlobals) = postSolution
		SolutionGuid = {A586E439-78CC-4441-A371-D4AF459FC4FB}
	EndGlobalSection
EndGlobal
