
Microsoft Visual Studio Solution File, Format Version 12.00
# Visual Studio Version 17
VisualStudioVersion = 17.14.36429.23 d17.14
MinimumVisualStudioVersion = 10.0.40219.1
Project("{FAE04EC0-301F-11D3-BF4B-00C04F79EFBC}") = "SimpleArray", "SimpleArray\SimpleArray.csproj", "{729E04BD-4304-445C-ABCC-E6B415AE1975}"
EndProject
Global
	GlobalSection(SolutionConfigurationPlatforms) = preSolution
		Debug|Any CPU = Debug|Any CPU
		Release|Any CPU = Release|Any CPU
	EndGlobalSection
	GlobalSection(ProjectConfigurationPlatforms) = postSolution
		{729E04BD-4304-445C-ABCC-E6B415AE1975}.Debug|Any CPU.ActiveCfg = Debug|Any CPU
		{729E04BD-4304-445C-ABCC-E6B415AE1975}.Debug|Any CPU.Build.0 = Debug|Any CPU
		{729E04BD-4304-445C-ABCC-E6B415AE1975}.Release|Any CPU.ActiveCfg = Release|Any CPU
		{729E04BD-4304-445C-ABCC-E6B415AE1975}.Release|Any CPU.Build.0 = Release|Any CPU
	EndGlobalSection
	GlobalSection(SolutionProperties) = preSolution
		HideSolutionNode = FALSE
	EndGlobalSection
	GlobalSection(ExtensibilityGlobals) = postSolution
		SolutionGuid = {8AE5A049-1F2C-47FE-8A70-FFEF347E5248}
	EndGlobalSection
EndGlobal
