
Microsoft Visual Studio Solution File, Format Version 12.00
# Visual Studio Version 17
VisualStudioVersion = 17.14.36518.9 d17.14
MinimumVisualStudioVersion = 10.0.40219.1
Project("{FAE04EC0-301F-11D3-BF4B-00C04F79EFBC}") = "MatrixExample", "MatrixExample\MatrixExample.csproj", "{FCB7B28C-56E9-43AD-9010-F45313EB7F09}"
EndProject
Global
	GlobalSection(SolutionConfigurationPlatforms) = preSolution
		Debug|Any CPU = Debug|Any CPU
		Release|Any CPU = Release|Any CPU
	EndGlobalSection
	GlobalSection(ProjectConfigurationPlatforms) = postSolution
		{FCB7B28C-56E9-43AD-9010-F45313EB7F09}.Debug|Any CPU.ActiveCfg = Debug|Any CPU
		{FCB7B28C-56E9-43AD-9010-F45313EB7F09}.Debug|Any CPU.Build.0 = Debug|Any CPU
		{FCB7B28C-56E9-43AD-9010-F45313EB7F09}.Release|Any CPU.ActiveCfg = Release|Any CPU
		{FCB7B28C-56E9-43AD-9010-F45313EB7F09}.Release|Any CPU.Build.0 = Release|Any CPU
	EndGlobalSection
	GlobalSection(SolutionProperties) = preSolution
		HideSolutionNode = FALSE
	EndGlobalSection
	GlobalSection(ExtensibilityGlobals) = postSolution
		SolutionGuid = {312D83BA-C9B8-4AD4-A48F-05908AB42CAB}
	EndGlobalSection
EndGlobal
