
Microsoft Visual Studio Solution File, Format Version 12.00
# Visual Studio Version 17
VisualStudioVersion = 17.14.36518.9 d17.14
MinimumVisualStudioVersion = 10.0.40219.1
Project("{FAE04EC0-301F-11D3-BF4B-00C04F79EFBC}") = "WorkingArrays", "WorkingArrays\WorkingArrays.csproj", "{BDDDED1A-A3B8-4520-A2CA-10C6636EAF0D}"
EndProject
Global
	GlobalSection(SolutionConfigurationPlatforms) = preSolution
		Debug|Any CPU = Debug|Any CPU
		Release|Any CPU = Release|Any CPU
	EndGlobalSection
	GlobalSection(ProjectConfigurationPlatforms) = postSolution
		{BDDDED1A-A3B8-4520-A2CA-10C6636EAF0D}.Debug|Any CPU.ActiveCfg = Debug|Any CPU
		{BDDDED1A-A3B8-4520-A2CA-10C6636EAF0D}.Debug|Any CPU.Build.0 = Debug|Any CPU
		{BDDDED1A-A3B8-4520-A2CA-10C6636EAF0D}.Release|Any CPU.ActiveCfg = Release|Any CPU
		{BDDDED1A-A3B8-4520-A2CA-10C6636EAF0D}.Release|Any CPU.Build.0 = Release|Any CPU
	EndGlobalSection
	GlobalSection(SolutionProperties) = preSolution
		HideSolutionNode = FALSE
	EndGlobalSection
	GlobalSection(ExtensibilityGlobals) = postSolution
		SolutionGuid = {425403DC-0111-4546-A594-726B7376B096}
	EndGlobalSection
EndGlobal
