
Microsoft Visual Studio Solution File, Format Version 12.00
# Visual Studio Version 17
VisualStudioVersion = 17.14.36518.9 d17.14
MinimumVisualStudioVersion = 10.0.40219.1
Project("{FAE04EC0-301F-11D3-BF4B-00C04F79EFBC}") = "TaskArray", "TaskArray\TaskArray.csproj", "{6F7F78F6-9688-40A0-A8C4-6055F0827405}"
EndProject
Global
	GlobalSection(SolutionConfigurationPlatforms) = preSolution
		Debug|Any CPU = Debug|Any CPU
		Release|Any CPU = Release|Any CPU
	EndGlobalSection
	GlobalSection(ProjectConfigurationPlatforms) = postSolution
		{6F7F78F6-9688-40A0-A8C4-6055F0827405}.Debug|Any CPU.ActiveCfg = Debug|Any CPU
		{6F7F78F6-9688-40A0-A8C4-6055F0827405}.Debug|Any CPU.Build.0 = Debug|Any CPU
		{6F7F78F6-9688-40A0-A8C4-6055F0827405}.Release|Any CPU.ActiveCfg = Release|Any CPU
		{6F7F78F6-9688-40A0-A8C4-6055F0827405}.Release|Any CPU.Build.0 = Release|Any CPU
	EndGlobalSection
	GlobalSection(SolutionProperties) = preSolution
		HideSolutionNode = FALSE
	EndGlobalSection
	GlobalSection(ExtensibilityGlobals) = postSolution
		SolutionGuid = {F65BCDBC-D05F-4878-90CA-F7D761D4D6EB}
	EndGlobalSection
EndGlobal
